
Microsoft Visual Studio Solution File, Format Version 12.00
# Visual Studio Version 16
VisualStudioVersion = 16.0.30804.86
MinimumVisualStudioVersion = 10.0.40219.1
Project("{9A19103F-16F7-4668-BE54-9A1E7A4F7556}") = "DogBurberShopBack", "Dog_burber_shop_back\DogBurberShopBack.csproj", "{6ED7562B-BAA3-448E-B921-E1DAA9E034A6}"
EndProject
Project("{9A19103F-16F7-4668-BE54-9A1E7A4F7556}") = "DAL", "DAL\DAL.csproj", "{15D823A8-C42A-4A73-AD18-E029EBA89F0B}"
EndProject
Project("{9A19103F-16F7-4668-BE54-9A1E7A4F7556}") = "BLL", "BL\BLL.csproj", "{F08E00BB-1433-4988-923E-3769B00BB03F}"
EndProject
Project("{9A19103F-16F7-4668-BE54-9A1E7A4F7556}") = "DTO", "DTO\DTO.csproj", "{83DC2123-E0C1-42D1-BE32-4F97DCAAFD58}"
EndProject
Global
	GlobalSection(SolutionConfigurationPlatforms) = preSolution
		Debug|Any CPU = Debug|Any CPU
		Release|Any CPU = Release|Any CPU
	EndGlobalSection
	GlobalSection(ProjectConfigurationPlatforms) = postSolution
		{6ED7562B-BAA3-448E-B921-E1DAA9E034A6}.Debug|Any CPU.ActiveCfg = Debug|Any CPU
		{6ED7562B-BAA3-448E-B921-E1DAA9E034A6}.Debug|Any CPU.Build.0 = Debug|Any CPU
		{6ED7562B-BAA3-448E-B921-E1DAA9E034A6}.Release|Any CPU.ActiveCfg = Release|Any CPU
		{6ED7562B-BAA3-448E-B921-E1DAA9E034A6}.Release|Any CPU.Build.0 = Release|Any CPU
		{15D823A8-C42A-4A73-AD18-E029EBA89F0B}.Debug|Any CPU.ActiveCfg = Debug|Any CPU
		{15D823A8-C42A-4A73-AD18-E029EBA89F0B}.Debug|Any CPU.Build.0 = Debug|Any CPU
		{15D823A8-C42A-4A73-AD18-E029EBA89F0B}.Release|Any CPU.ActiveCfg = Release|Any CPU
		{15D823A8-C42A-4A73-AD18-E029EBA89F0B}.Release|Any CPU.Build.0 = Release|Any CPU
		{F08E00BB-1433-4988-923E-3769B00BB03F}.Debug|Any CPU.ActiveCfg = Debug|Any CPU
		{F08E00BB-1433-4988-923E-3769B00BB03F}.Debug|Any CPU.Build.0 = Debug|Any CPU
		{F08E00BB-1433-4988-923E-3769B00BB03F}.Release|Any CPU.ActiveCfg = Release|Any CPU
		{F08E00BB-1433-4988-923E-3769B00BB03F}.Release|Any CPU.Build.0 = Release|Any CPU
		{83DC2123-E0C1-42D1-BE32-4F97DCAAFD58}.Debug|Any CPU.ActiveCfg = Debug|Any CPU
		{83DC2123-E0C1-42D1-BE32-4F97DCAAFD58}.Debug|Any CPU.Build.0 = Debug|Any CPU
		{83DC2123-E0C1-42D1-BE32-4F97DCAAFD58}.Release|Any CPU.ActiveCfg = Release|Any CPU
		{83DC2123-E0C1-42D1-BE32-4F97DCAAFD58}.Release|Any CPU.Build.0 = Release|Any CPU
	EndGlobalSection
	GlobalSection(SolutionProperties) = preSolution
		HideSolutionNode = FALSE
	EndGlobalSection
	GlobalSection(ExtensibilityGlobals) = postSolution
		SolutionGuid = {CB6A6664-ED05-4B02-AD49-18F315E72B2C}
	EndGlobalSection
EndGlobal
